
Microsoft Visual Studio Solution File, Format Version 12.00
# Visual Studio Version 16
VisualStudioVersion = 16.0.31313.79
MinimumVisualStudioVersion = 10.0.40219.1
Project("{8BC9CEB8-8B4A-11D0-8D11-00A0C91BC942}") = "game", "game\game.vcxproj", "{2C5B47C8-A261-4828-8692-C182CC8D5A95}"
EndProject
Global
	GlobalSection(SolutionConfigurationPlatforms) = preSolution
		Debug|x64 = Debug|x64
		Debug|x86 = Debug|x86
		Release|x64 = Release|x64
		Release|x86 = Release|x86
	EndGlobalSection
	GlobalSection(ProjectConfigurationPlatforms) = postSolution
		{2C5B47C8-A261-4828-8692-C182CC8D5A95}.Debug|x64.ActiveCfg = Debug|x64
		{2C5B47C8-A261-4828-8692-C182CC8D5A95}.Debug|x64.Build.0 = Debug|x64
		{2C5B47C8-A261-4828-8692-C182CC8D5A95}.Debug|x86.ActiveCfg = Debug|Win32
		{2C5B47C8-A261-4828-8692-C182CC8D5A95}.Debug|x86.Build.0 = Debug|Win32
		{2C5B47C8-A261-4828-8692-C182CC8D5A95}.Release|x64.ActiveCfg = Release|x64
		{2C5B47C8-A261-4828-8692-C182CC8D5A95}.Release|x64.Build.0 = Release|x64
		{2C5B47C8-A261-4828-8692-C182CC8D5A95}.Release|x86.ActiveCfg = Release|Win32
		{2C5B47C8-A261-4828-8692-C182CC8D5A95}.Release|x86.Build.0 = Release|Win32
	EndGlobalSection
	GlobalSection(SolutionProperties) = preSolution
		HideSolutionNode = FALSE
	EndGlobalSection
	GlobalSection(ExtensibilityGlobals) = postSolution
		SolutionGuid = {CA28CAB8-677F-4EB3-A0E3-7E617249FD35}
	EndGlobalSection
EndGlobal
